
Microsoft Visual Studio Solution File, Format Version 12.00
# Visual Studio Version 17
VisualStudioVersion = 17.9.34701.34
MinimumVisualStudioVersion = 10.0.40219.1
Project("{FAE04EC0-301F-11D3-BF4B-00C04F79EFBC}") = "Aula4", "Aula4\Aula4.csproj", "{F0DFE747-7657-4DDA-95F0-805766252B95}"
EndProject
Global
	GlobalSection(SolutionConfigurationPlatforms) = preSolution
		Debug|Any CPU = Debug|Any CPU
		Release|Any CPU = Release|Any CPU
	EndGlobalSection
	GlobalSection(ProjectConfigurationPlatforms) = postSolution
		{F0DFE747-7657-4DDA-95F0-805766252B95}.Debug|Any CPU.ActiveCfg = Debug|Any CPU
		{F0DFE747-7657-4DDA-95F0-805766252B95}.Debug|Any CPU.Build.0 = Debug|Any CPU
		{F0DFE747-7657-4DDA-95F0-805766252B95}.Release|Any CPU.ActiveCfg = Release|Any CPU
		{F0DFE747-7657-4DDA-95F0-805766252B95}.Release|Any CPU.Build.0 = Release|Any CPU
	EndGlobalSection
	GlobalSection(SolutionProperties) = preSolution
		HideSolutionNode = FALSE
	EndGlobalSection
	GlobalSection(ExtensibilityGlobals) = postSolution
		SolutionGuid = {4EC3D065-604C-4486-A594-C0D74EC34DC4}
	EndGlobalSection
EndGlobal
